{
  "name": "fastify-ready-up",
  "version": "0.0.0",
  "lockfileVersion": 1,
  "requires": true,
  "dependencies": {
    "fastify-plugin": {
      "version": "1.2.1",
      "resolved": "https://registry.npmjs.org/fastify-plugin/-/fastify-plugin-1.2.1.tgz",
      "integrity": "sha512-TLmXpp3PEsD3MFSV3FBiH70hkalvgZ8Qmg3hr1FcJpZFaPwxoWUDoFdXZrguY+2gBVQgkFtrM47aWL5lNHqg+Q==",
      "requires": {
        "semver": "^5.5.0"
      }
    },
    "semver": {
      "version": "5.6.0",
      "resolved": "https://registry.npmjs.org/semver/-/semver-5.6.0.tgz",
      "integrity": "sha512-RS9R6R35NYgQn++fkDWaOmqGoj4Ek9gGs+DPxNUZKuwE183xjJroKvyo1IzVFeXvUrvmALy6FWD5xrdJT25gMg=="
    }
  }
}
